
Microsoft Visual Studio Solution File, Format Version 12.00
# Visual Studio Version 17
VisualStudioVersion = 17.10.34916.146
MinimumVisualStudioVersion = 10.0.40219.1
Project("{FAE04EC0-301F-11D3-BF4B-00C04F79EFBC}") = "TaskManagementSystem-WebForms", "TaskManagementSystem-WebForms\TaskManagementSystem-WebForms.csproj", "{DE0C8F45-7BF7-4988-8942-277FA8B8DDFA}"
EndProject
Global
	GlobalSection(SolutionConfigurationPlatforms) = preSolution
		Debug|Any CPU = Debug|Any CPU
		Release|Any CPU = Release|Any CPU
	EndGlobalSection
	GlobalSection(ProjectConfigurationPlatforms) = postSolution
		{DE0C8F45-7BF7-4988-8942-277FA8B8DDFA}.Debug|Any CPU.ActiveCfg = Debug|Any CPU
		{DE0C8F45-7BF7-4988-8942-277FA8B8DDFA}.Debug|Any CPU.Build.0 = Debug|Any CPU
		{DE0C8F45-7BF7-4988-8942-277FA8B8DDFA}.Release|Any CPU.ActiveCfg = Release|Any CPU
		{DE0C8F45-7BF7-4988-8942-277FA8B8DDFA}.Release|Any CPU.Build.0 = Release|Any CPU
	EndGlobalSection
	GlobalSection(SolutionProperties) = preSolution
		HideSolutionNode = FALSE
	EndGlobalSection
	GlobalSection(ExtensibilityGlobals) = postSolution
		SolutionGuid = {5732F4C6-6BAE-438E-A6CC-DD77D0959EC1}
	EndGlobalSection
EndGlobal
